Microsoft Visual Studio Solution File, Format Version 12.00
# Visual Studio 2012
Project("{FAE04EC0-301F-11D3-BF4B-00C04F79EFBC}") = "Wind-Up Race Cars", "Wind-Up Race Cars.csproj", "{5EAA0A8F-8774-402E-89D1-D921D90449B4}"
EndProject
Global
	GlobalSection(SolutionConfigurationPlatforms) = preSolution
	Debug|Any CPU = Debug|Any CPU
	ExportDebug|Any CPU = ExportDebug|Any CPU
	ExportRelease|Any CPU = ExportRelease|Any CPU
	EndGlobalSection
	GlobalSection(ProjectConfigurationPlatforms) = postSolution
		{5EAA0A8F-8774-402E-89D1-D921D90449B4}.Debug|Any CPU.ActiveCfg = Debug|Any CPU
		{5EAA0A8F-8774-402E-89D1-D921D90449B4}.Debug|Any CPU.Build.0 = Debug|Any CPU
		{5EAA0A8F-8774-402E-89D1-D921D90449B4}.ExportDebug|Any CPU.ActiveCfg = ExportDebug|Any CPU
		{5EAA0A8F-8774-402E-89D1-D921D90449B4}.ExportDebug|Any CPU.Build.0 = ExportDebug|Any CPU
		{5EAA0A8F-8774-402E-89D1-D921D90449B4}.ExportRelease|Any CPU.ActiveCfg = ExportRelease|Any CPU
		{5EAA0A8F-8774-402E-89D1-D921D90449B4}.ExportRelease|Any CPU.Build.0 = ExportRelease|Any CPU
	EndGlobalSection
EndGlobal
